<?xml version="1.0" encoding="UTF-8"?>
<!DOCTYPE plist PUBLIC "-//Apple//DTD PLIST 1.0//EN" "http://www.apple.com/DTDs/PropertyList-1.0.dtd">
<plist version="1.0">
<dict>
	<key>archiveVersion</key>
	<string>1</string>
	<key>classes</key>
	<dict/>
	<key>objectVersion</key>
	<string>46</string>
	<key>objects</key>
	<dict>
		<key>0E76FFE51573FE13000EE5CA</key>
		<dict>
			<key>isa</key>
			<string>PBXFileReference</string>
			<key>lastKnownFileType</key>
			<string>wrapper.pb-project</string>
			<key>name</key>
			<string>MWPhotoBrowser.xcodeproj</string>
			<key>path</key>
			<string>../../MWPhotoBrowser/MWPhotoBrowser.xcodeproj</string>
			<key>sourceTree</key>
			<string>&lt;group&gt;</string>
		</dict>
		<key>0E76FFE61573FE13000EE5CA</key>
		<dict>
			<key>children</key>
			<array>
				<string>0E76FFED1573FE14000EE5CA</string>
			</array>
			<key>isa</key>
			<string>PBXGroup</string>
			<key>name</key>
			<string>Products</string>
			<key>sourceTree</key>
			<string>&lt;group&gt;</string>
		</dict>
		<key>0E76FFEC1573FE14000EE5CA</key>
		<dict>
			<key>containerPortal</key>
			<string>0E76FFE51573FE13000EE5CA</string>
			<key>isa</key>
			<string>PBXContainerItemProxy</string>
			<key>proxyType</key>
			<string>2</string>
			<key>remoteGlobalIDString</key>
			<string>4C6F96C414AF704100F8389A</string>
			<key>remoteInfo</key>
			<string>MWPhotoBrowser</string>
		</dict>
		<key>0E76FFED1573FE14000EE5CA</key>
		<dict>
			<key>fileType</key>
			<string>archive.ar</string>
			<key>isa</key>
			<string>PBXReferenceProxy</string>
			<key>path</key>
			<string>libMWPhotoBrowser.a</string>
			<key>remoteRef</key>
			<string>0E76FFEC1573FE14000EE5CA</string>
			<key>sourceTree</key>
			<string>BUILT_PRODUCTS_DIR</string>
		</dict>
		<key>0E76FFEE1573FE1A000EE5CA</key>
		<dict>
			<key>isa</key>
			<string>PBXFileReference</string>
			<key>lastKnownFileType</key>
			<string>wrapper.plug-in</string>
			<key>name</key>
			<string>MWPhotoBrowser.bundle</string>
			<key>path</key>
			<string>../../MWPhotoBrowser/MWPhotoBrowser.bundle</string>
			<key>sourceTree</key>
			<string>&lt;group&gt;</string>
		</dict>
		<key>0E76FFEF1573FE1A000EE5CA</key>
		<dict>
			<key>fileRef</key>
			<string>0E76FFEE1573FE1A000EE5CA</string>
			<key>isa</key>
			<string>PBXBuildFile</string>
		</dict>
		<key>0E76FFF01573FE21000EE5CA</key>
		<dict>
			<key>containerPortal</key>
			<string>0E76FFE51573FE13000EE5CA</string>
			<key>isa</key>
			<string>PBXContainerItemProxy</string>
			<key>proxyType</key>
			<string>1</string>
			<key>remoteGlobalIDString</key>
			<string>4C6F96C314AF704100F8389A</string>
			<key>remoteInfo</key>
			<string>MWPhotoBrowser</string>
		</dict>
		<key>0E76FFF11573FE21000EE5CA</key>
		<dict>
			<key>isa</key>
			<string>PBXTargetDependency</string>
			<key>name</key>
			<string>MWPhotoBrowser</string>
			<key>targetProxy</key>
			<string>0E76FFF01573FE21000EE5CA</string>
		</dict>
		<key>0E76FFF21573FE25000EE5CA</key>
		<dict>
			<key>fileRef</key>
			<string>0E76FFED1573FE14000EE5CA</string>
			<key>isa</key>
			<string>PBXBuildFile</string>
		</dict>
		<key>0E85B24C14C6F40500EA35BF</key>
		<dict>
			<key>fileRef</key>
			<string>0E85B24E14C6F40500EA35BF</string>
			<key>isa</key>
			<string>PBXBuildFile</string>
		</dict>
		<key>0E85B24D14C6F40500EA35BF</key>
		<dict>
			<key>isa</key>
			<string>PBXFileReference</string>
			<key>lastKnownFileType</key>
			<string>text.plist.strings</string>
			<key>name</key>
			<string>en</string>
			<key>path</key>
			<string>en.lproj/Localizable.strings</string>
			<key>sourceTree</key>
			<string>&lt;group&gt;</string>
		</dict>
		<key>0E85B24E14C6F40500EA35BF</key>
		<dict>
			<key>children</key>
			<array>
				<string>0E85B24D14C6F40500EA35BF</string>
			</array>
			<key>isa</key>
			<string>PBXVariantGroup</string>
			<key>name</key>
			<string>Localizable.strings</string>
			<key>sourceTree</key>
			<string>&lt;group&gt;</string>
		</dict>
		<key>0EA380341573EA53003F4582</key>
		<dict>
			<key>isa</key>
			<string>PBXFileReference</string>
			<key>lastKnownFileType</key>
			<string>wrapper.framework</string>
			<key>name</key>
			<string>ImageIO.framework</string>
			<key>path</key>
			<string>System/Library/Frameworks/ImageIO.framework</string>
			<key>sourceTree</key>
			<string>SDKROOT</string>
		</dict>
		<key>0EA380351573EA53003F4582</key>
		<dict>
			<key>fileRef</key>
			<string>0EA380341573EA53003F4582</string>
			<key>isa</key>
			<string>PBXBuildFile</string>
		</dict>
		<key>4C6F978214AF734800F8389A</key>
		<dict>
			<key>children</key>
			<array>
				<string>4C6F979714AF734900F8389A</string>
				<string>4C6F979014AF734900F8389A</string>
				<string>4C6F978E14AF734900F8389A</string>
				<string>6BC5238FC8914CA7B857F043</string>
			</array>
			<key>isa</key>
			<string>PBXGroup</string>
			<key>sourceTree</key>
			<string>&lt;group&gt;</string>
		</dict>
		<key>4C6F978414AF734800F8389A</key>
		<dict>
			<key>attributes</key>
			<dict>
				<key>LastUpgradeCheck</key>
				<string>0420</string>
			</dict>
			<key>buildConfigurationList</key>
			<string>4C6F978714AF734800F8389A</string>
			<key>compatibilityVersion</key>
			<string>Xcode 3.2</string>
			<key>developmentRegion</key>
			<string>English</string>
			<key>hasScannedForEncodings</key>
			<string>0</string>
			<key>isa</key>
			<string>PBXProject</string>
			<key>knownRegions</key>
			<array>
				<string>en</string>
				<string>fr</string>
			</array>
			<key>mainGroup</key>
			<string>4C6F978214AF734800F8389A</string>
			<key>productRefGroup</key>
			<string>4C6F978E14AF734900F8389A</string>
			<key>projectDirPath</key>
			<string></string>
			<key>projectReferences</key>
			<array>
				<dict>
					<key>ProductGroup</key>
					<string>0E76FFE61573FE13000EE5CA</string>
					<key>ProjectRef</key>
					<string>0E76FFE51573FE13000EE5CA</string>
				</dict>
			</array>
			<key>projectRoot</key>
			<string></string>
			<key>targets</key>
			<array>
				<string>4C6F978C14AF734800F8389A</string>
			</array>
		</dict>
		<key>4C6F978714AF734800F8389A</key>
		<dict>
			<key>buildConfigurations</key>
			<array>
				<string>4C6F97AC14AF734900F8389A</string>
				<string>4C6F97AD14AF734900F8389A</string>
			</array>
			<key>defaultConfigurationIsVisible</key>
			<string>0</string>
			<key>defaultConfigurationName</key>
			<string>Release</string>
			<key>isa</key>
			<string>XCConfigurationList</string>
		</dict>
		<key>4C6F978914AF734800F8389A</key>
		<dict>
			<key>buildActionMask</key>
			<string>2147483647</string>
			<key>files</key>
			<array>
				<string>4C6F979E14AF734900F8389A</string>
				<string>4C6F97A214AF734900F8389A</string>
				<string>4C6F97B314AF737E00F8389A</string>
			</array>
			<key>isa</key>
			<string>PBXSourcesBuildPhase</string>
			<key>runOnlyForDeploymentPostprocessing</key>
			<string>0</string>
		</dict>
		<key>4C6F978A14AF734800F8389A</key>
		<dict>
			<key>buildActionMask</key>
			<string>2147483647</string>
			<key>files</key>
			<array>
				<string>0E76FFF21573FE25000EE5CA</string>
				<string>0EA380351573EA53003F4582</string>
				<string>4C6F97C914AF750400F8389A</string>
				<string>4C6F979214AF734900F8389A</string>
				<string>4C6F979414AF734900F8389A</string>
				<string>4C6F979614AF734900F8389A</string>
				<string>88119A4B4C034037B665C228</string>
			</array>
			<key>isa</key>
			<string>PBXFrameworksBuildPhase</string>
			<key>runOnlyForDeploymentPostprocessing</key>
			<string>0</string>
		</dict>
		<key>4C6F978B14AF734800F8389A</key>
		<dict>
			<key>buildActionMask</key>
			<string>2147483647</string>
			<key>files</key>
			<array>
				<string>4C6F97D314AF760500F8389A</string>
				<string>4C6F97D414AF760500F8389A</string>
				<string>4C6F97D514AF760500F8389A</string>
				<string>4C6F97D614AF760500F8389A</string>
				<string>4C6F97D714AF760500F8389A</string>
				<string>4C6F97D814AF760500F8389A</string>
				<string>4C6F97D914AF760500F8389A</string>
				<string>4C6F97DA14AF760500F8389A</string>
				<string>0E85B24C14C6F40500EA35BF</string>
				<string>0E76FFEF1573FE1A000EE5CA</string>
			</array>
			<key>isa</key>
			<string>PBXResourcesBuildPhase</string>
			<key>runOnlyForDeploymentPostprocessing</key>
			<string>0</string>
		</dict>
		<key>4C6F978C14AF734800F8389A</key>
		<dict>
			<key>buildConfigurationList</key>
			<string>4C6F97AE14AF734900F8389A</string>
			<key>buildPhases</key>
			<array>
				<string>EA324BF329884894A88B0B2B</string>
				<string>4C6F978914AF734800F8389A</string>
				<string>4C6F978A14AF734800F8389A</string>
				<string>4C6F978B14AF734800F8389A</string>
				<string>AFD2CF485B3841CD91B64E33</string>
			</array>
			<key>buildRules</key>
			<array/>
			<key>dependencies</key>
			<array>
				<string>0E76FFF11573FE21000EE5CA</string>
			</array>
			<key>isa</key>
			<string>PBXNativeTarget</string>
			<key>name</key>
			<string>PhotoBrowserDemo</string>
			<key>productName</key>
			<string>PhotoBrowserDemo</string>
			<key>productReference</key>
			<string>4C6F978D14AF734900F8389A</string>
			<key>productType</key>
			<string>com.apple.product-type.application</string>
		</dict>
		<key>4C6F978D14AF734900F8389A</key>
		<dict>
			<key>explicitFileType</key>
			<string>wrapper.application</string>
			<key>includeInIndex</key>
			<string>0</string>
			<key>isa</key>
			<string>PBXFileReference</string>
			<key>path</key>
			<string>PhotoBrowserDemo.app</string>
			<key>sourceTree</key>
			<string>BUILT_PRODUCTS_DIR</string>
		</dict>
		<key>4C6F978E14AF734900F8389A</key>
		<dict>
			<key>children</key>
			<array>
				<string>4C6F978D14AF734900F8389A</string>
			</array>
			<key>isa</key>
			<string>PBXGroup</string>
			<key>name</key>
			<string>Products</string>
			<key>sourceTree</key>
			<string>&lt;group&gt;</string>
		</dict>
		<key>4C6F979014AF734900F8389A</key>
		<dict>
			<key>children</key>
			<array>
				<string>0EA380341573EA53003F4582</string>
				<string>4C6F97C814AF750400F8389A</string>
				<string>4C6F979114AF734900F8389A</string>
				<string>4C6F979314AF734900F8389A</string>
				<string>4C6F979514AF734900F8389A</string>
				<string>C1F8A0144DAD41E29E4A4052</string>
			</array>
			<key>isa</key>
			<string>PBXGroup</string>
			<key>name</key>
			<string>Frameworks</string>
			<key>sourceTree</key>
			<string>&lt;group&gt;</string>
		</dict>
		<key>4C6F979114AF734900F8389A</key>
		<dict>
			<key>isa</key>
			<string>PBXFileReference</string>
			<key>lastKnownFileType</key>
			<string>wrapper.framework</string>
			<key>name</key>
			<string>UIKit.framework</string>
			<key>path</key>
			<string>System/Library/Frameworks/UIKit.framework</string>
			<key>sourceTree</key>
			<string>SDKROOT</string>
		</dict>
		<key>4C6F979214AF734900F8389A</key>
		<dict>
			<key>fileRef</key>
			<string>4C6F979114AF734900F8389A</string>
			<key>isa</key>
			<string>PBXBuildFile</string>
		</dict>
		<key>4C6F979314AF734900F8389A</key>
		<dict>
			<key>isa</key>
			<string>PBXFileReference</string>
			<key>lastKnownFileType</key>
			<string>wrapper.framework</string>
			<key>name</key>
			<string>Foundation.framework</string>
			<key>path</key>
			<string>System/Library/Frameworks/Foundation.framework</string>
			<key>sourceTree</key>
			<string>SDKROOT</string>
		</dict>
		<key>4C6F979414AF734900F8389A</key>
		<dict>
			<key>fileRef</key>
			<string>4C6F979314AF734900F8389A</string>
			<key>isa</key>
			<string>PBXBuildFile</string>
		</dict>
		<key>4C6F979514AF734900F8389A</key>
		<dict>
			<key>isa</key>
			<string>PBXFileReference</string>
			<key>lastKnownFileType</key>
			<string>wrapper.framework</string>
			<key>name</key>
			<string>CoreGraphics.framework</string>
			<key>path</key>
			<string>System/Library/Frameworks/CoreGraphics.framework</string>
			<key>sourceTree</key>
			<string>SDKROOT</string>
		</dict>
		<key>4C6F979614AF734900F8389A</key>
		<dict>
			<key>fileRef</key>
			<string>4C6F979514AF734900F8389A</string>
			<key>isa</key>
			<string>PBXBuildFile</string>
		</dict>
		<key>4C6F979714AF734900F8389A</key>
		<dict>
			<key>children</key>
			<array>
				<string>4C6F97A014AF734900F8389A</string>
				<string>4C6F97A114AF734900F8389A</string>
				<string>4C6F97B114AF737E00F8389A</string>
				<string>4C6F97B214AF737E00F8389A</string>
				<string>0E85B24E14C6F40500EA35BF</string>
				<string>4C6F97CA14AF75D300F8389A</string>
				<string>4CB08BF314B1FF7300730E9F</string>
				<string>4C6F979814AF734900F8389A</string>
			</array>
			<key>isa</key>
			<string>PBXGroup</string>
			<key>path</key>
			<string>PhotoBrowserDemo</string>
			<key>sourceTree</key>
			<string>&lt;group&gt;</string>
		</dict>
		<key>4C6F979814AF734900F8389A</key>
		<dict>
			<key>children</key>
			<array>
				<string>4C6F979914AF734900F8389A</string>
				<string>4C6F979D14AF734900F8389A</string>
				<string>4C6F979F14AF734900F8389A</string>
			</array>
			<key>isa</key>
			<string>PBXGroup</string>
			<key>name</key>
			<string>Supporting Files</string>
			<key>sourceTree</key>
			<string>&lt;group&gt;</string>
		</dict>
		<key>4C6F979914AF734900F8389A</key>
		<dict>
			<key>isa</key>
			<string>PBXFileReference</string>
			<key>lastKnownFileType</key>
			<string>text.plist.xml</string>
			<key>path</key>
			<string>PhotoBrowserDemo-Info.plist</string>
			<key>sourceTree</key>
			<string>&lt;group&gt;</string>
		</dict>
		<key>4C6F979D14AF734900F8389A</key>
		<dict>
			<key>isa</key>
			<string>PBXFileReference</string>
			<key>lastKnownFileType</key>
			<string>sourcecode.c.objc</string>
			<key>path</key>
			<string>main.m</string>
			<key>sourceTree</key>
			<string>&lt;group&gt;</string>
		</dict>
		<key>4C6F979E14AF734900F8389A</key>
		<dict>
			<key>fileRef</key>
			<string>4C6F979D14AF734900F8389A</string>
			<key>isa</key>
			<string>PBXBuildFile</string>
		</dict>
		<key>4C6F979F14AF734900F8389A</key>
		<dict>
			<key>isa</key>
			<string>PBXFileReference</string>
			<key>lastKnownFileType</key>
			<string>sourcecode.c.h</string>
			<key>path</key>
			<string>PhotoBrowserDemo-Prefix.pch</string>
			<key>sourceTree</key>
			<string>&lt;group&gt;</string>
		</dict>
		<key>4C6F97A014AF734900F8389A</key>
		<dict>
			<key>isa</key>
			<string>PBXFileReference</string>
			<key>lastKnownFileType</key>
			<string>sourcecode.c.h</string>
			<key>path</key>
			<string>AppDelegate.h</string>
			<key>sourceTree</key>
			<string>&lt;group&gt;</string>
		</dict>
		<key>4C6F97A114AF734900F8389A</key>
		<dict>
			<key>isa</key>
			<string>PBXFileReference</string>
			<key>lastKnownFileType</key>
			<string>sourcecode.c.objc</string>
			<key>path</key>
			<string>AppDelegate.m</string>
			<key>sourceTree</key>
			<string>&lt;group&gt;</string>
		</dict>
		<key>4C6F97A214AF734900F8389A</key>
		<dict>
			<key>fileRef</key>
			<string>4C6F97A114AF734900F8389A</string>
			<key>isa</key>
			<string>PBXBuildFile</string>
		</dict>
		<key>4C6F97AC14AF734900F8389A</key>
		<dict>
			<key>buildSettings</key>
			<dict>
				<key>ALWAYS_SEARCH_USER_PATHS</key>
				<string>YES</string>
				<key>ARCHS</key>
				<string>$(ARCHS_STANDARD_32_BIT)</string>
				<key>CODE_SIGN_IDENTITY[sdk=iphoneos*]</key>
				<string>iPhone Developer</string>
				<key>COPY_PHASE_STRIP</key>
				<string>NO</string>
				<key>GCC_C_LANGUAGE_STANDARD</key>
				<string>gnu99</string>
				<key>GCC_DYNAMIC_NO_PIC</key>
				<string>NO</string>
				<key>GCC_OPTIMIZATION_LEVEL</key>
				<string>0</string>
				<key>GCC_PREPROCESSOR_DEFINITIONS</key>
				<array>
					<string>DEBUG=1</string>
					<string>$(inherited)</string>
				</array>
				<key>GCC_SYMBOLS_PRIVATE_EXTERN</key>
				<string>NO</string>
				<key>GCC_VERSION</key>
				<string>com.apple.compilers.llvm.clang.1_0</string>
				<key>GCC_WARN_ABOUT_MISSING_PROTOTYPES</key>
				<string>YES</string>
				<key>GCC_WARN_ABOUT_RETURN_TYPE</key>
				<string>YES</string>
				<key>GCC_WARN_UNUSED_VARIABLE</key>
				<string>YES</string>
				<key>IPHONEOS_DEPLOYMENT_TARGET</key>
				<string>4.0</string>
				<key>SDKROOT</key>
				<string>iphoneos</string>
				<key>TARGETED_DEVICE_FAMILY</key>
				<string>1,2</string>
			</dict>
			<key>isa</key>
			<string>XCBuildConfiguration</string>
			<key>name</key>
			<string>Debug</string>
		</dict>
		<key>4C6F97AD14AF734900F8389A</key>
		<dict>
			<key>buildSettings</key>
			<dict>
				<key>ALWAYS_SEARCH_USER_PATHS</key>
				<string>YES</string>
				<key>ARCHS</key>
				<string>$(ARCHS_STANDARD_32_BIT)</string>
				<key>CODE_SIGN_IDENTITY[sdk=iphoneos*]</key>
				<string>iPhone Developer</string>
				<key>COPY_PHASE_STRIP</key>
				<string>YES</string>
				<key>GCC_C_LANGUAGE_STANDARD</key>
				<string>gnu99</string>
				<key>GCC_VERSION</key>
				<string>com.apple.compilers.llvm.clang.1_0</string>
				<key>GCC_WARN_ABOUT_MISSING_PROTOTYPES</key>
				<string>YES</string>
				<key>GCC_WARN_ABOUT_RETURN_TYPE</key>
				<string>YES</string>
				<key>GCC_WARN_UNUSED_VARIABLE</key>
				<string>YES</string>
				<key>IPHONEOS_DEPLOYMENT_TARGET</key>
				<string>4.0</string>
				<key>OTHER_CFLAGS</key>
				<string>-DNS_BLOCK_ASSERTIONS=1</string>
				<key>SDKROOT</key>
				<string>iphoneos</string>
				<key>TARGETED_DEVICE_FAMILY</key>
				<string>1,2</string>
				<key>VALIDATE_PRODUCT</key>
				<string>YES</string>
			</dict>
			<key>isa</key>
			<string>XCBuildConfiguration</string>
			<key>name</key>
			<string>Release</string>
		</dict>
		<key>4C6F97AE14AF734900F8389A</key>
		<dict>
			<key>buildConfigurations</key>
			<array>
				<string>4C6F97AF14AF734900F8389A</string>
				<string>4C6F97B014AF734900F8389A</string>
			</array>
			<key>defaultConfigurationIsVisible</key>
			<string>0</string>
			<key>defaultConfigurationName</key>
			<string>Release</string>
			<key>isa</key>
			<string>XCConfigurationList</string>
		</dict>
		<key>4C6F97AF14AF734900F8389A</key>
		<dict>
			<key>baseConfigurationReference</key>
			<string>6BC5238FC8914CA7B857F043</string>
			<key>buildSettings</key>
			<dict>
				<key>ARCHS</key>
				<array>
					<string>armv6</string>
					<string>$(ARCHS_STANDARD_32_BIT)</string>
				</array>
				<key>CLANG_ENABLE_OBJC_ARC</key>
				<string>YES</string>
				<key>GCC_PRECOMPILE_PREFIX_HEADER</key>
				<string>YES</string>
				<key>GCC_PREFIX_HEADER</key>
				<string>PhotoBrowserDemo/PhotoBrowserDemo-Prefix.pch</string>
				<key>INFOPLIST_FILE</key>
				<string>PhotoBrowserDemo/PhotoBrowserDemo-Info.plist</string>
				<key>IPHONEOS_DEPLOYMENT_TARGET</key>
				<string>4.0</string>
				<key>PRODUCT_NAME</key>
				<string>$(TARGET_NAME)</string>
				<key>USER_HEADER_SEARCH_PATHS</key>
				<string>../**</string>
				<key>WRAPPER_EXTENSION</key>
				<string>app</string>
			</dict>
			<key>isa</key>
			<string>XCBuildConfiguration</string>
			<key>name</key>
			<string>Debug</string>
		</dict>
		<key>4C6F97B014AF734900F8389A</key>
		<dict>
			<key>baseConfigurationReference</key>
			<string>6BC5238FC8914CA7B857F043</string>
			<key>buildSettings</key>
			<dict>
				<key>ARCHS</key>
				<array>
					<string>armv6</string>
					<string>$(ARCHS_STANDARD_32_BIT)</string>
				</array>
				<key>CLANG_ENABLE_OBJC_ARC</key>
				<string>YES</string>
				<key>GCC_PRECOMPILE_PREFIX_HEADER</key>
				<string>YES</string>
				<key>GCC_PREFIX_HEADER</key>
				<string>PhotoBrowserDemo/PhotoBrowserDemo-Prefix.pch</string>
				<key>INFOPLIST_FILE</key>
				<string>PhotoBrowserDemo/PhotoBrowserDemo-Info.plist</string>
				<key>IPHONEOS_DEPLOYMENT_TARGET</key>
				<string>4.0</string>
				<key>PRODUCT_NAME</key>
				<string>$(TARGET_NAME)</string>
				<key>USER_HEADER_SEARCH_PATHS</key>
				<string>../**</string>
				<key>WRAPPER_EXTENSION</key>
				<string>app</string>
			</dict>
			<key>isa</key>
			<string>XCBuildConfiguration</string>
			<key>name</key>
			<string>Release</string>
		</dict>
		<key>4C6F97B114AF737E00F8389A</key>
		<dict>
			<key>fileEncoding</key>
			<string>4</string>
			<key>isa</key>
			<string>PBXFileReference</string>
			<key>lastKnownFileType</key>
			<string>sourcecode.c.h</string>
			<key>path</key>
			<string>Menu.h</string>
			<key>sourceTree</key>
			<string>&lt;group&gt;</string>
		</dict>
		<key>4C6F97B214AF737E00F8389A</key>
		<dict>
			<key>fileEncoding</key>
			<string>4</string>
			<key>isa</key>
			<string>PBXFileReference</string>
			<key>lastKnownFileType</key>
			<string>sourcecode.c.objc</string>
			<key>path</key>
			<string>Menu.m</string>
			<key>sourceTree</key>
			<string>&lt;group&gt;</string>
		</dict>
		<key>4C6F97B314AF737E00F8389A</key>
		<dict>
			<key>fileRef</key>
			<string>4C6F97B214AF737E00F8389A</string>
			<key>isa</key>
			<string>PBXBuildFile</string>
		</dict>
		<key>4C6F97C814AF750400F8389A</key>
		<dict>
			<key>isa</key>
			<string>PBXFileReference</string>
			<key>lastKnownFileType</key>
			<string>wrapper.framework</string>
			<key>name</key>
			<string>MessageUI.framework</string>
			<key>path</key>
			<string>System/Library/Frameworks/MessageUI.framework</string>
			<key>sourceTree</key>
			<string>SDKROOT</string>
		</dict>
		<key>4C6F97C914AF750400F8389A</key>
		<dict>
			<key>fileRef</key>
			<string>4C6F97C814AF750400F8389A</string>
			<key>isa</key>
			<string>PBXBuildFile</string>
		</dict>
		<key>4C6F97CA14AF75D300F8389A</key>
		<dict>
			<key>children</key>
			<array>
				<string>4C6F97CB14AF760500F8389A</string>
				<string>4C6F97CC14AF760500F8389A</string>
				<string>4C6F97CD14AF760500F8389A</string>
				<string>4C6F97CE14AF760500F8389A</string>
				<string>4C6F97CF14AF760500F8389A</string>
				<string>4C6F97D014AF760500F8389A</string>
				<string>4C6F97D114AF760500F8389A</string>
				<string>4C6F97D214AF760500F8389A</string>
			</array>
			<key>isa</key>
			<string>PBXGroup</string>
			<key>name</key>
			<string>Photos</string>
			<key>sourceTree</key>
			<string>&lt;group&gt;</string>
		</dict>
		<key>4C6F97CB14AF760500F8389A</key>
		<dict>
			<key>isa</key>
			<string>PBXFileReference</string>
			<key>lastKnownFileType</key>
			<string>image.jpeg</string>
			<key>name</key>
			<string>photo1l.jpg</string>
			<key>path</key>
			<string>Photos/photo1l.jpg</string>
			<key>sourceTree</key>
			<string>&lt;group&gt;</string>
		</dict>
		<key>4C6F97CC14AF760500F8389A</key>
		<dict>
			<key>isa</key>
			<string>PBXFileReference</string>
			<key>lastKnownFileType</key>
			<string>image.jpeg</string>
			<key>name</key>
			<string>photo1m.jpg</string>
			<key>path</key>
			<string>Photos/photo1m.jpg</string>
			<key>sourceTree</key>
			<string>&lt;group&gt;</string>
		</dict>
		<key>4C6F97CD14AF760500F8389A</key>
		<dict>
			<key>isa</key>
			<string>PBXFileReference</string>
			<key>lastKnownFileType</key>
			<string>image.jpeg</string>
			<key>name</key>
			<string>photo2l.jpg</string>
			<key>path</key>
			<string>Photos/photo2l.jpg</string>
			<key>sourceTree</key>
			<string>&lt;group&gt;</string>
		</dict>
		<key>4C6F97CE14AF760500F8389A</key>
		<dict>
			<key>isa</key>
			<string>PBXFileReference</string>
			<key>lastKnownFileType</key>
			<string>image.jpeg</string>
			<key>name</key>
			<string>photo2m.jpg</string>
			<key>path</key>
			<string>Photos/photo2m.jpg</string>
			<key>sourceTree</key>
			<string>&lt;group&gt;</string>
		</dict>
		<key>4C6F97CF14AF760500F8389A</key>
		<dict>
			<key>isa</key>
			<string>PBXFileReference</string>
			<key>lastKnownFileType</key>
			<string>image.jpeg</string>
			<key>name</key>
			<string>photo3l.jpg</string>
			<key>path</key>
			<string>Photos/photo3l.jpg</string>
			<key>sourceTree</key>
			<string>&lt;group&gt;</string>
		</dict>
		<key>4C6F97D014AF760500F8389A</key>
		<dict>
			<key>isa</key>
			<string>PBXFileReference</string>
			<key>lastKnownFileType</key>
			<string>image.jpeg</string>
			<key>name</key>
			<string>photo3m.jpg</string>
			<key>path</key>
			<string>Photos/photo3m.jpg</string>
			<key>sourceTree</key>
			<string>&lt;group&gt;</string>
		</dict>
		<key>4C6F97D114AF760500F8389A</key>
		<dict>
			<key>isa</key>
			<string>PBXFileReference</string>
			<key>lastKnownFileType</key>
			<string>image.jpeg</string>
			<key>name</key>
			<string>photo4l.jpg</string>
			<key>path</key>
			<string>Photos/photo4l.jpg</string>
			<key>sourceTree</key>
			<string>&lt;group&gt;</string>
		</dict>
		<key>4C6F97D214AF760500F8389A</key>
		<dict>
			<key>isa</key>
			<string>PBXFileReference</string>
			<key>lastKnownFileType</key>
			<string>image.jpeg</string>
			<key>name</key>
			<string>photo4m.jpg</string>
			<key>path</key>
			<string>Photos/photo4m.jpg</string>
			<key>sourceTree</key>
			<string>&lt;group&gt;</string>
		</dict>
		<key>4C6F97D314AF760500F8389A</key>
		<dict>
			<key>fileRef</key>
			<string>4C6F97CB14AF760500F8389A</string>
			<key>isa</key>
			<string>PBXBuildFile</string>
		</dict>
		<key>4C6F97D414AF760500F8389A</key>
		<dict>
			<key>fileRef</key>
			<string>4C6F97CC14AF760500F8389A</string>
			<key>isa</key>
			<string>PBXBuildFile</string>
		</dict>
		<key>4C6F97D514AF760500F8389A</key>
		<dict>
			<key>fileRef</key>
			<string>4C6F97CD14AF760500F8389A</string>
			<key>isa</key>
			<string>PBXBuildFile</string>
		</dict>
		<key>4C6F97D614AF760500F8389A</key>
		<dict>
			<key>fileRef</key>
			<string>4C6F97CE14AF760500F8389A</string>
			<key>isa</key>
			<string>PBXBuildFile</string>
		</dict>
		<key>4C6F97D714AF760500F8389A</key>
		<dict>
			<key>fileRef</key>
			<string>4C6F97CF14AF760500F8389A</string>
			<key>isa</key>
			<string>PBXBuildFile</string>
		</dict>
		<key>4C6F97D814AF760500F8389A</key>
		<dict>
			<key>fileRef</key>
			<string>4C6F97D014AF760500F8389A</string>
			<key>isa</key>
			<string>PBXBuildFile</string>
		</dict>
		<key>4C6F97D914AF760500F8389A</key>
		<dict>
			<key>fileRef</key>
			<string>4C6F97D114AF760500F8389A</string>
			<key>isa</key>
			<string>PBXBuildFile</string>
		</dict>
		<key>4C6F97DA14AF760500F8389A</key>
		<dict>
			<key>fileRef</key>
			<string>4C6F97D214AF760500F8389A</string>
			<key>isa</key>
			<string>PBXBuildFile</string>
		</dict>
		<key>4CB08BF314B1FF7300730E9F</key>
		<dict>
			<key>children</key>
			<array>
				<string>0E76FFEE1573FE1A000EE5CA</string>
				<string>0E76FFE51573FE13000EE5CA</string>
			</array>
			<key>isa</key>
			<string>PBXGroup</string>
			<key>name</key>
			<string>MWPhotoBrowser</string>
			<key>sourceTree</key>
			<string>&lt;group&gt;</string>
		</dict>
		<key>6BC5238FC8914CA7B857F043</key>
		<dict>
			<key>includeInIndex</key>
			<string>1</string>
			<key>isa</key>
			<string>PBXFileReference</string>
			<key>lastKnownFileType</key>
			<string>text.xcconfig</string>
			<key>name</key>
			<string>Pods.xcconfig</string>
			<key>path</key>
			<string>Pods/Pods.xcconfig</string>
			<key>sourceTree</key>
			<string>SOURCE_ROOT</string>
		</dict>
		<key>88119A4B4C034037B665C228</key>
		<dict>
			<key>fileRef</key>
			<string>C1F8A0144DAD41E29E4A4052</string>
			<key>isa</key>
			<string>PBXBuildFile</string>
		</dict>
		<key>AFD2CF485B3841CD91B64E33</key>
		<dict>
			<key>buildActionMask</key>
			<string>2147483647</string>
			<key>files</key>
			<array/>
			<key>inputPaths</key>
			<array/>
			<key>isa</key>
			<string>PBXShellScriptBuildPhase</string>
			<key>name</key>
			<string>Copy Pods Resources</string>
			<key>outputPaths</key>
			<array/>
			<key>runOnlyForDeploymentPostprocessing</key>
			<string>0</string>
			<key>shellPath</key>
			<string>/bin/sh</string>
			<key>shellScript</key>
			<string>"${SRCROOT}/Pods/Pods-resources.sh"
</string>
			<key>showEnvVarsInLog</key>
			<string>0</string>
		</dict>
		<key>C1F8A0144DAD41E29E4A4052</key>
		<dict>
			<key>explicitFileType</key>
			<string>archive.ar</string>
			<key>includeInIndex</key>
			<string>0</string>
			<key>isa</key>
			<string>PBXFileReference</string>
			<key>path</key>
			<string>libPods.a</string>
			<key>sourceTree</key>
			<string>BUILT_PRODUCTS_DIR</string>
		</dict>
		<key>EA324BF329884894A88B0B2B</key>
		<dict>
			<key>buildActionMask</key>
			<string>2147483647</string>
			<key>files</key>
			<array/>
			<key>inputPaths</key>
			<array/>
			<key>isa</key>
			<string>PBXShellScriptBuildPhase</string>
			<key>name</key>
			<string>Check Pods Manifest.lock</string>
			<key>outputPaths</key>
			<array/>
			<key>runOnlyForDeploymentPostprocessing</key>
			<string>0</string>
			<key>shellPath</key>
			<string>/bin/sh</string>
			<key>shellScript</key>
			<string>diff "${PODS_ROOT}/../Podfile.lock" "${PODS_ROOT}/Manifest.lock" &gt; /dev/null
if [[ $? != 0 ]] ; then
    cat &lt;&lt; EOM
error: The sandbox is not in sync with the Podfile.lock. Run 'pod install' or update your CocoaPods installation.
EOM
    exit 1
fi
</string>
			<key>showEnvVarsInLog</key>
			<string>0</string>
		</dict>
	</dict>
	<key>rootObject</key>
	<string>4C6F978414AF734800F8389A</string>
</dict>
</plist>
